{
  "version": 1,
  "dependencies": {
    "net8.0": {
      "Microsoft.IdentityModel.JsonWebTokens": {
        "type": "Direct",
        "requested": "[5.7.0, )",
        "resolved": "5.7.0",
        "contentHash": "zWeKWLdKdA9hbxEFBMCrImfbcHGSbwXJh4Q7dE2xIqDcaG+Uect+QUTSuXLsibtGG7/CwjhZgjZx7cl3KuRoXA==",
        "dependencies": {
          "Microsoft.IdentityModel.Tokens": "5.7.0",
          "Newtonsoft.Json": "13.0.1"
        }
      },
      "Microsoft.IdentityModel.Logging": {
        "type": "Transitive",
        "resolved": "5.7.0",
        "contentHash": "ciNPEQSnOXlhLBjylS2B8QLQhmWFXBAzbKyxpswLd9NHheCKoyC1zFU46W36Oj/Bx+RpYuOWkq1FZgnu8DqH2g=="
      },
      "Microsoft.IdentityModel.Tokens": {
        "type": "Transitive",
        "resolved": "5.7.0",
        "contentHash": "hj7eUanB5f8ap9e4I+iVY0Fbm9Uh0tG1UlZq3Z+EGq9nbDUOn8ml3N5YotNQX6XD0q/Upe16tt0jkAIVIWKrWg==",
        "dependencies": {
          "Microsoft.IdentityModel.Logging": "5.7.0",
          "Newtonsoft.Json": "13.0.1",
          "System.Security.Cryptography.Cng": "4.5.0"
        }
      },
      "Newtonsoft.Json": {
        "type": "Transitive",
        "resolved": "13.0.1",
        "contentHash": "ppPFpBcvxdsfUonNcvITKqLl3bqxWbDCZIzDWHzjpdAHRFfZe0Dw9HmA0+za13IdyrgJwpkDTDA9fHaxOrt20A=="
      },
      "System.Security.Cryptography.Cng": {
        "type": "Transitive",
        "resolved": "4.5.0",
        "contentHash": "WG3r7EyjUe9CMPFSs6bty5doUqT+q9pbI80hlNzo2SkPkZ4VTuZkGWjpp77JB8+uaL4DFPRdBsAY+DX3dBK92A=="
      }
    }
  }
}