{
  "version": 1,
  "dependencies": {
    "net8.0": {
      "Microsoft.AspNet.WebApi.Client": {
        "type": "Direct",
        "requested": "[5.0.0, )",
        "resolved": "5.0.0",
        "contentHash": "OMTp9ot40TZgZxnFO+S0ac0EY5CtQs6KTHkMSHmNFDc+a0tWMCsSBuOG6HoH9+G95wNhEfZrZ20btAsHMlQe7w==",
        "dependencies": {
          "Newtonsoft.Json": "4.5.11"
        }
      },
      "Newtonsoft.Json": {
        "type": "Direct",
        "requested": "[13.0.1, )",
        "resolved": "13.0.1",
        "contentHash": "ppPFpBcvxdsfUonNcvITKqLl3bqxWbDCZIzDWHzjpdAHRFfZe0Dw9HmA0+za13IdyrgJwpkDTDA9fHaxOrt20A=="
      }
    }
  }
}